
Microsoft Visual Studio Solution File, Format Version 12.00
# Visual Studio Version 16
VisualStudioVersion = 16.0.30204.135
MinimumVisualStudioVersion = 10.0.40219.1
Project("{FAE04EC0-301F-11D3-BF4B-00C04F79EFBC}") = "ValidacijaTri", "ValidacijaTri\ValidacijaTri.csproj", "{7207276C-F9A7-4D11-A0E1-EDF7C8A973C0}"
EndProject
Global
	GlobalSection(SolutionConfigurationPlatforms) = preSolution
		Debug|Any CPU = Debug|Any CPU
		Release|Any CPU = Release|Any CPU
	EndGlobalSection
	GlobalSection(ProjectConfigurationPlatforms) = postSolution
		{7207276C-F9A7-4D11-A0E1-EDF7C8A973C0}.Debug|Any CPU.ActiveCfg = Debug|Any CPU
		{7207276C-F9A7-4D11-A0E1-EDF7C8A973C0}.Debug|Any CPU.Build.0 = Debug|Any CPU
		{7207276C-F9A7-4D11-A0E1-EDF7C8A973C0}.Release|Any CPU.ActiveCfg = Release|Any CPU
		{7207276C-F9A7-4D11-A0E1-EDF7C8A973C0}.Release|Any CPU.Build.0 = Release|Any CPU
	EndGlobalSection
	GlobalSection(SolutionProperties) = preSolution
		HideSolutionNode = FALSE
	EndGlobalSection
	GlobalSection(ExtensibilityGlobals) = postSolution
		SolutionGuid = {0889F323-03CF-4941-83B1-6FE62539FF19}
	EndGlobalSection
EndGlobal
